{
  "version": "2",
  "remote": {
    "https://deno.land/std@0.117.0/_util/assert.ts": "2f868145a042a11d5ad0a3c748dcf580add8a0dbc0e876eaa0026303a5488f58",
    "https://deno.land/std@0.117.0/_util/os.ts": "dfb186cc4e968c770ab6cc3288bd65f4871be03b93beecae57d657232ecffcac",
    "https://deno.land/std@0.117.0/async/deadline.ts": "1d6ac7aeaee22f75eb86e4e105d6161118aad7b41ae2dd14f4cfd3bf97472b93",
    "https://deno.land/std@0.117.0/async/debounce.ts": "b2f693e4baa16b62793fd618de6c003b63228db50ecfe3bd51fc5f6dc0bc264b",
    "https://deno.land/std@0.117.0/async/deferred.ts": "ab60d46ba561abb3b13c0c8085d05797a384b9f182935f051dc67136817acdee",
    "https://deno.land/std@0.117.0/async/delay.ts": "f2d8ccaa8ebc26594bd8b0989edfd8a96257a714c1dee2fb54d986e5bdd840ac",
    "https://deno.land/std@0.117.0/async/mod.ts": "78425176fabea7bd1046ce3819fd69ce40da85c83e0f174d17e8e224a91f7d10",
    "https://deno.land/std@0.117.0/async/mux_async_iterator.ts": "62abff3af9ff619e8f2adc96fc70d4ca020fa48a50c23c13f12d02ed2b760dbe",
    "https://deno.land/std@0.117.0/async/pool.ts": "353ce4f91865da203a097aa6f33de8966340c91b6f4a055611c8c5d534afd12f",
    "https://deno.land/std@0.117.0/async/tee.ts": "3e9f2ef6b36e55188de16a667c702ace4ad0cf84e3720379160e062bf27348ad",
    "https://deno.land/std@0.117.0/flags/mod.ts": "5bd80147c97e481efcc4c041096c6c1a1393248e2849ccd571269d62c2634cbe",
    "https://deno.land/std@0.117.0/fmt/colors.ts": "8368ddf2d48dfe413ffd04cdbb7ae6a1009cf0dccc9c7ff1d76259d9c61a0621",
    "https://deno.land/std@0.117.0/http/file_server.ts": "a89ef73a6e17185950a8dc7c8742a3b1154cdff8436cb3646d6864742ac702aa",
    "https://deno.land/std@0.117.0/http/http_status.ts": "2ff185827bff21c7be2807fcb09a6a2166464ba57fcd94afe805abab8e09070a",
    "https://deno.land/std@0.117.0/http/server.ts": "83d48abb6693efdda5233fa4987596f5648611f1a1a36db266deee17c6596574",
    "https://deno.land/std@0.117.0/path/_constants.ts": "1247fee4a79b70c89f23499691ef169b41b6ccf01887a0abd131009c5581b853",
    "https://deno.land/std@0.117.0/path/_interface.ts": "1fa73b02aaa24867e481a48492b44f2598cd9dfa513c7b34001437007d3642e4",
    "https://deno.land/std@0.117.0/path/_util.ts": "2e06a3b9e79beaf62687196bd4b60a4c391d862cfa007a20fc3a39f778ba073b",
    "https://deno.land/std@0.117.0/path/common.ts": "f41a38a0719a1e85aa11c6ba3bea5e37c15dd009d705bd8873f94c833568cbc4",
    "https://deno.land/std@0.117.0/path/glob.ts": "ea87985765b977cc284b92771003b2070c440e0807c90e1eb0ff3e095911a820",
    "https://deno.land/std@0.117.0/path/mod.ts": "4465dc494f271b02569edbb4a18d727063b5dbd6ed84283ff906260970a15d12",
    "https://deno.land/std@0.117.0/path/posix.ts": "34349174b9cd121625a2810837a82dd8b986bbaaad5ade690d1de75bbb4555b2",
    "https://deno.land/std@0.117.0/path/separator.ts": "8fdcf289b1b76fd726a508f57d3370ca029ae6976fcde5044007f062e643ff1c",
    "https://deno.land/std@0.117.0/path/win32.ts": "11549e8c6df8307a8efcfa47ad7b2a75da743eac7d4c89c9723a944661c8bd2e",
    "https://deno.land/std@0.155.0/async/abortable.ts": "87aa7230be8360c24ad437212311c9e8d4328854baec27b4c7abb26e85515c06",
    "https://deno.land/std@0.155.0/async/deadline.ts": "48ac998d7564969f3e6ec6b6f9bf0217ebd00239b1b2292feba61272d5dd58d0",
    "https://deno.land/std@0.155.0/async/debounce.ts": "de5433bff08a2bb61416fc53b3bd2d5867090c8a815465e5b4a10a77495b1051",
    "https://deno.land/std@0.155.0/async/deferred.ts": "c01de44b9192359cebd3fe93273fcebf9e95110bf3360023917da9a2d1489fae",
    "https://deno.land/std@0.155.0/async/delay.ts": "0419dfc993752849692d1f9647edf13407c7facc3509b099381be99ffbc9d699",
    "https://deno.land/std@0.155.0/async/mod.ts": "dd0a8ed4f3984ffabe2fcca7c9f466b7932d57b1864ffee148a5d5388316db6b",
    "https://deno.land/std@0.155.0/async/mux_async_iterator.ts": "3447b28a2a582224a3d4d3596bccbba6e85040da3b97ed64012f7decce98d093",
    "https://deno.land/std@0.155.0/async/pool.ts": "ef9eb97b388543acbf0ac32647121e4dbe629236899586c4d4311a8770fbb239",
    "https://deno.land/std@0.155.0/async/tee.ts": "d27680d911816fcb3d231e16d690e7588079e66a9b2e5ce8cc354db94fdce95f",
    "https://deno.land/std@0.155.0/http/server.ts": "e2e16f0b124ffef022ad04797d4250d6e4fc0d9579780999091949b17789dd1a",
    "https://deno.land/std@0.158.0/fmt/colors.ts": "ff7dc9c9f33a72bd48bc24b21bbc1b4545d8494a431f17894dbc5fe92a938fc4",
    "https://deno.land/std@0.158.0/testing/_diff.ts": "a23e7fc2b4d8daa3e158fa06856bedf5334ce2a2831e8bf9e509717f455adb2c",
    "https://deno.land/std@0.158.0/testing/_format.ts": "cd11136e1797791045e639e9f0f4640d5b4166148796cad37e6ef75f7d7f3832",
    "https://deno.land/std@0.158.0/testing/asserts.ts": "8696c488bc98d8d175e74dc652a0ffbc7fca93858da01edc57ed33c1148345da",
    "https://deno.land/x/continuation@0.1.4/mod.ts": "e9579e5bacf37a837b67f06997ede088ac477f1b2bbbace5f7bbd5b55fef8cce",
    "https://raw.githubusercontent.com/cowboyd/instructional-effection/v0.0.0/abort-signal.ts": "31224b5f61f1ef58a2acf72bfc1cb9c9bf589f15c263b6555eb06f1b49f77b54",
    "https://raw.githubusercontent.com/cowboyd/instructional-effection/v0.0.0/async.ts": "c3eae4b79fdd0338ca77915bea79e7df142293a55903c0ef774f5cf633b20171",
    "https://raw.githubusercontent.com/cowboyd/instructional-effection/v0.0.0/callback.ts": "db306b0b8860cb40dc8e47f18467b24161cfa1bbc7f99fc15fbdd4665fa02a88",
    "https://raw.githubusercontent.com/cowboyd/instructional-effection/v0.0.0/channel.ts": "afbadbfa0c1635e2533beec2f2966c87177f19354354779189a2dbbb3dc6bbe5",
    "https://raw.githubusercontent.com/cowboyd/instructional-effection/v0.0.0/context.ts": "564dd2e2534aa4b46a135a3fcd1fffb7086ab972d1bbef0d404578ec4e1a43bf",
    "https://raw.githubusercontent.com/cowboyd/instructional-effection/v0.0.0/deps.ts": "c4013c48cefbf84f235733908c31430ba28e7fb3724001dce16061a4d4d46cd2",
    "https://raw.githubusercontent.com/cowboyd/instructional-effection/v0.0.0/first.ts": "480621c722e8578c392d690647841785f333397f4eea32df2ecae47de5885279",
    "https://raw.githubusercontent.com/cowboyd/instructional-effection/v0.0.0/future.ts": "82fa2d2a1755e0b0f6d3a22e2da3e04632521b20e9cb7a114d87426424b09b29",
    "https://raw.githubusercontent.com/cowboyd/instructional-effection/v0.0.0/instructions.ts": "b9f83161afa5602acb68c765566d31f9dc7ba8ca35435b3576bc50cbdbb0d3f5",
    "https://raw.githubusercontent.com/cowboyd/instructional-effection/v0.0.0/lazy.ts": "92ea526c5ad7d88290f2a87168e038d482f97421379508d85cf2e049ee60639b",
    "https://raw.githubusercontent.com/cowboyd/instructional-effection/v0.0.0/log.ts": "97df184954a56ceb8e03be04de3305e31261049e9eaa48d3157db2938d9a0570",
    "https://raw.githubusercontent.com/cowboyd/instructional-effection/v0.0.0/mod.ts": "ca74e474d1d9a2b322e8199c353d5a72a1436c85ff0f8e3947cbf1f922a72d0a",
    "https://raw.githubusercontent.com/cowboyd/instructional-effection/v0.0.0/run.ts": "45500b197461a80819353dc2a67fd4ca99025e4f21f9c12ede3f903323ad7594",
    "https://raw.githubusercontent.com/cowboyd/instructional-effection/v0.0.0/sleep.ts": "d7000c05ace8143efd80f1e35243f5521316bc334e4051afe692e1a0c7268304",
    "https://raw.githubusercontent.com/cowboyd/instructional-effection/v0.0.0/spawn.ts": "b60e024264f53db47ebd96b6e8940fe28b6f3b8a289dd5a521ab729647947c6b",
    "https://raw.githubusercontent.com/cowboyd/instructional-effection/v0.0.0/types.ts": "f0c54cce8ce66c5225ebd45491e9a4c13963c2271ed3c182157ef39094e176b4"
  }
}
